// !$*UTF8*$!
{
	archiveVersion = 1;
	classes = {
	};
	objectVersion = 50;
	objects = {

/* Begin PBXBuildFile section */
		71A42897205CB28A0013DF83 /* AppDelegate.swift in Sources */ = {isa = PBXBuildFile; fileRef = 71A42896205CB28A0013DF83 /* AppDelegate.swift */; };
		71A42899205CB28B0013DF83 /* GameScene.sks in Resources */ = {isa = PBXBuildFile; fileRef = 71A42898205CB28B0013DF83 /* GameScene.sks */; };
		71A4289B205CB28B0013DF83 /* Actions.sks in Resources */ = {isa = PBXBuildFile; fileRef = 71A4289A205CB28B0013DF83 /* Actions.sks */; };
		71A4289D205CB28B0013DF83 /* GameScene.swift in Sources */ = {isa = PBXBuildFile; fileRef = 71A4289C205CB28B0013DF83 /* GameScene.swift */; };
		71A4289F205CB28B0013DF83 /* GameViewController.swift in Sources */ = {isa = PBXBuildFile; fileRef = 71A4289E205CB28B0013DF83 /* GameViewController.swift */; };
		71A428A2205CB28B0013DF83 /* Main.storyboard in Resources */ = {isa = PBXBuildFile; fileRef = 71A428A0205CB28B0013DF83 /* Main.storyboard */; };
		71A428A4205CB28D0013DF83 /* Assets.xcassets in Resources */ = {isa = PBXBuildFile; fileRef = 71A428A3205CB28D0013DF83 /* Assets.xcassets */; };
		71A428A7205CB28D0013DF83 /* LaunchScreen.storyboard in Resources */ = {isa = PBXBuildFile; fileRef = 71A428A5205CB28D0013DF83 /* LaunchScreen.storyboard */; };
/* End PBXBuildFile section */

/* Begin PBXFileReference section */
		71A42893205CB28A0013DF83 /* SpriteKit-1.app */ = {isa = PBXFileReference; explicitFileType = wrapper.application; includeInIndex = 0; path = "SpriteKit-1.app"; sourceTree = BUILT_PRODUCTS_DIR; };
		71A42896205CB28A0013DF83 /* AppDelegate.swift */ = {isa = PBXFileReference; lastKnownFileType = sourcecode.swift; path = AppDelegate.swift; sourceTree = "<group>"; };
		71A42898205CB28B0013DF83 /* GameScene.sks */ = {isa = PBXFileReference; lastKnownFileType = file.sks; path = GameScene.sks; sourceTree = "<group>"; };
		71A4289A205CB28B0013DF83 /* Actions.sks */ = {isa = PBXFileReference; lastKnownFileType = file.sks; path = Actions.sks; sourceTree = "<group>"; };
		71A4289C205CB28B0013DF83 /* GameScene.swift */ = {isa = PBXFileReference; lastKnownFileType = sourcecode.swift; path = GameScene.swift; sourceTree = "<group>"; };
		71A4289E205CB28B0013DF83 /* GameViewController.swift */ = {isa = PBXFileReference; lastKnownFileType = sourcecode.swift; path = GameViewController.swift; sourceTree = "<group>"; };
		71A428A1205CB28B0013DF83 /* Base */ = {isa = PBXFileReference; lastKnownFileType = file.storyboard; name = Base; path = Base.lproj/Main.storyboard; sourceTree = "<group>"; };
		71A428A3205CB28D0013DF83 /* Assets.xcassets */ = {isa = PBXFileReference; lastKnownFileType = folder.assetcatalog; path = Assets.xcassets; sourceTree = "<group>"; };
		71A428A6205CB28D0013DF83 /* Base */ = {isa = PBXFileReference; lastKnownFileType = file.storyboard; name = Base; path = Base.lproj/LaunchScreen.storyboard; sourceTree = "<group>"; };
		71A428A8205CB28D0013DF83 /* Info.plist */ = {isa = PBXFileReference; lastKnownFileType = text.plist.xml; path = Info.plist; sourceTree = "<group>"; };
/* End PBXFileReference section */

/* Begin PBXFrameworksBuildPhase section */
		71A42890205CB28A0013DF83 /* Frameworks */ = {
			isa = PBXFrameworksBuildPhase;
			buildActionMask = 2147483647;
			files = (
			);
			runOnlyForDeploymentPostprocessing = 0;
		};
/* End PBXFrameworksBuildPhase section */

/* Begin PBXGroup section */
		71A4288A205CB28A0013DF83 = {
			isa = PBXGroup;
			children = (
				71A42895205CB28A0013DF83 /* SpriteKit-1 */,
				71A42894205CB28A0013DF83 /* Products */,
			);
			sourceTree = "<group>";
		};
		71A42894205CB28A0013DF83 /* Products */ = {
			isa = PBXGroup;
			children = (
				71A42893205CB28A0013DF83 /* SpriteKit-1.app */,
			);
			name = Products;
			sourceTree = "<group>";
		};
		71A42895205CB28A0013DF83 /* SpriteKit-1 */ = {
			isa = PBXGroup;
			children = (
				71A42896205CB28A0013DF83 /* AppDelegate.swift */,
				71A42898205CB28B0013DF83 /* GameScene.sks */,
				71A4289A205CB28B0013DF83 /* Actions.sks */,
				71A4289C205CB28B0013DF83 /* GameScene.swift */,
				71A4289E205CB28B0013DF83 /* GameViewController.swift */,
				71A428A0205CB28B0013DF83 /* Main.storyboard */,
				71A428A3205CB28D0013DF83 /* Assets.xcassets */,
				71A428A5205CB28D0013DF83 /* LaunchScreen.storyboard */,
				71A428A8205CB28D0013DF83 /* Info.plist */,
			);
			path = "SpriteKit-1";
			sourceTree = "<group>";
		};
/* End PBXGroup section */

/* Begin PBXNativeTarget section */
		71A42892205CB28A0013DF83 /* SpriteKit-1 */ = {
			isa = PBXNativeTarget;
			buildConfigurationList = 71A428AB205CB28D0013DF83 /* Build configuration list for PBXNativeTarget "SpriteKit-1" */;
			buildPhases = (
				71A4288F205CB28A0013DF83 /* Sources */,
				71A42890205CB28A0013DF83 /* Frameworks */,
				71A42891205CB28A0013DF83 /* Resources */,
			);
			buildRules = (
			);
			dependencies = (
			);
			name = "SpriteKit-1";
			productName = "SpriteKit-1";
			productReference = 71A42893205CB28A0013DF83 /* SpriteKit-1.app */;
			productType = "com.apple.product-type.application";
		};
/* End PBXNativeTarget section */

/* Begin PBXProject section */
		71A4288B205CB28A0013DF83 /* Project object */ = {
			isa = PBXProject;
			attributes = {
				LastSwiftUpdateCheck = 0930;
				LastUpgradeCheck = 0930;
				ORGANIZATIONNAME = martynov;
				TargetAttributes = {
					71A42892205CB28A0013DF83 = {
						CreatedOnToolsVersion = 9.3;
					};
				};
			};
			buildConfigurationList = 71A4288E205CB28A0013DF83 /* Build configuration list for PBXProject "SpriteKit-1" */;
			compatibilityVersion = "Xcode 9.3";
			developmentRegion = en;
			hasScannedForEncodings = 0;
			knownRegions = (
				en,
				Base,
			);
			mainGroup = 71A4288A205CB28A0013DF83;
			productRefGroup = 71A42894205CB28A0013DF83 /* Products */;
			projectDirPath = "";
			projectRoot = "";
			targets = (
				71A42892205CB28A0013DF83 /* SpriteKit-1 */,
			);
		};
/* End PBXProject section */

/* Begin PBXResourcesBuildPhase section */
		71A42891205CB28A0013DF83 /* Resources */ = {
			isa = PBXResourcesBuildPhase;
			buildActionMask = 2147483647;
			files = (
				71A428A2205CB28B0013DF83 /* Main.storyboard in Resources */,
				71A42899205CB28B0013DF83 /* GameScene.sks in Resources */,
				71A428A4205CB28D0013DF83 /* Assets.xcassets in Resources */,
				71A428A7205CB28D0013DF83 /* LaunchScreen.storyboard in Resources */,
				71A4289B205CB28B0013DF83 /* Actions.sks in Resources */,
			);
			runOnlyForDeploymentPostprocessing = 0;
		};
/* End PBXResourcesBuildPhase section */

/* Begin PBXSourcesBuildPhase section */
		71A4288F205CB28A0013DF83 /* Sources */ = {
			isa = PBXSourcesBuildPhase;
			buildActionMask = 2147483647;
			files = (
				71A4289D205CB28B0013DF83 /* GameScene.swift in Sources */,
				71A4289F205CB28B0013DF83 /* GameViewController.swift in Sources */,
				71A42897205CB28A0013DF83 /* AppDelegate.swift in Sources */,
			);
			runOnlyForDeploymentPostprocessing = 0;
		};
/* End PBXSourcesBuildPhase section */

/* Begin PBXVariantGroup section */
		71A428A0205CB28B0013DF83 /* Main.storyboard */ = {
			isa = PBXVariantGroup;
			children = (
				71A428A1205CB28B0013DF83 /* Base */,
			);
			name = Main.storyboard;
			sourceTree = "<group>";
		};
		71A428A5205CB28D0013DF83 /* LaunchScreen.storyboard */ = {
			isa = PBXVariantGroup;
			children = (
				71A428A6205CB28D0013DF83 /* Base */,
			);
			name = LaunchScreen.storyboard;
			sourceTree = "<group>";
		};
/* End PBXVariantGroup section */

/* Begin XCBuildConfiguration section */
		71A428A9205CB28D0013DF83 /* Debug */ = {
			isa = XCBuildConfiguration;
			buildSettings = {
				ALWAYS_SEARCH_USER_PATHS = NO;
				CLANG_ANALYZER_NONNULL = YES;
				CLANG_ANALYZER_NUMBER_OBJECT_CONVERSION = YES_AGGRESSIVE;
				CLANG_CXX_LANGUAGE_STANDARD = "gnu++14";
				CLANG_CXX_LIBRARY = "libc++";
				CLANG_ENABLE_MODULES = YES;
				CLANG_ENABLE_OBJC_ARC = YES;
				CLANG_ENABLE_OBJC_WEAK = YES;
				CLANG_WARN_BLOCK_CAPTURE_AUTORELEASING = YES;
				CLANG_WARN_BOOL_CONVERSION = YES;
				CLANG_WARN_COMMA = YES;
				CLANG_WARN_CONSTANT_CONVERSION = YES;
				CLANG_WARN_DEPRECATED_OBJC_IMPLEMENTATIONS = YES;
				CLANG_WARN_DIRECT_OBJC_ISA_USAGE = YES_ERROR;
				CLANG_WARN_DOCUMENTATION_COMMENTS = YES;
				CLANG_WARN_EMPTY_BODY = YES;
				CLANG_WARN_ENUM_CONVERSION = YES;
				CLANG_WARN_INFINITE_RECURSION = YES;
				CLANG_WARN_INT_CONVERSION = YES;
				CLANG_WARN_NON_LITERAL_NULL_CONVERSION = YES;
				CLANG_WARN_OBJC_IMPLICIT_RETAIN_SELF = YES;
				CLANG_WARN_OBJC_LITERAL_CONVERSION = YES;
				CLANG_WARN_OBJC_ROOT_CLASS = YES_ERROR;
				CLANG_WARN_RANGE_LOOP_ANALYSIS = YES;
				CLANG_WARN_STRICT_PROTOTYPES = YES;
				CLANG_WARN_SUSPICIOUS_MOVE = YES;
				CLANG_WARN_UNGUARDED_AVAILABILITY = YES_AGGRESSIVE;
				CLANG_WARN_UNREACHABLE_CODE = YES;
				CLANG_WARN__DUPLICATE_METHOD_MATCH = YES;
				CODE_SIGN_IDENTITY = "iPhone Developer";
				COPY_PHASE_STRIP = NO;
				DEBUG_INFORMATION_FORMAT = dwarf;
				ENABLE_STRICT_OBJC_MSGSEND = YES;
				ENABLE_TESTABILITY = YES;
				GCC_C_LANGUAGE_STANDARD = gnu11;
				GCC_DYNAMIC_NO_PIC = NO;
				GCC_NO_COMMON_BLOCKS = YES;
				GCC_OPTIMIZATION_LEVEL = 0;
				GCC_PREPROCESSOR_DEFINITIONS = (
					"DEBUG=1",
					"$(inherited)",
				);
				GCC_WARN_64_TO_32_BIT_CONVERSION = YES;
				GCC_WARN_ABOUT_RETURN_TYPE = YES_ERROR;
				GCC_WARN_UNDECLARED_SELECTOR = YES;
				GCC_WARN_UNINITIALIZED_AUTOS = YES_AGGRESSIVE;
				GCC_WARN_UNUSED_FUNCTION = YES;
				GCC_WARN_UNUSED_VARIABLE = YES;
				IPHONEOS_DEPLOYMENT_TARGET = 11.3;
				MTL_ENABLE_DEBUG_INFO = YES;
				ONLY_ACTIVE_ARCH = YES;
				SDKROOT = iphoneos;
				SWIFT_ACTIVE_COMPILATION_CONDITIONS = DEBUG;
				SWIFT_OPTIMIZATION_LEVEL = "-Onone";
			};
			name = Debug;
		};
		71A428AA205CB28D0013DF83 /* Release */ = {
			isa = XCBuildConfiguration;
			buildSettings = {
				ALWAYS_SEARCH_USER_PATHS = NO;
				CLANG_ANALYZER_NONNULL = YES;
				CLANG_ANALYZER_NUMBER_OBJECT_CONVERSION = YES_AGGRESSIVE;
				CLANG_CXX_LANGUAGE_STANDARD = "gnu++14";
				CLANG_CXX_LIBRARY = "libc++";
				CLANG_ENABLE_MODULES = YES;
				CLANG_ENABLE_OBJC_ARC = YES;
				CLANG_ENABLE_OBJC_WEAK = YES;
				CLANG_WARN_BLOCK_CAPTURE_AUTORELEASING = YES;
				CLANG_WARN_BOOL_CONVERSION = YES;
				CLANG_WARN_COMMA = YES;
				CLANG_WARN_CONSTANT_CONVERSION = YES;
				CLANG_WARN_DEPRECATED_OBJC_IMPLEMENTATIONS = YES;
				CLANG_WARN_DIRECT_OBJC_ISA_USAGE = YES_ERROR;
				CLANG_WARN_DOCUMENTATION_COMMENTS = YES;
				CLANG_WARN_EMPTY_BODY = YES;
				CLANG_WARN_ENUM_CONVERSION = YES;
				CLANG_WARN_INFINITE_RECURSION = YES;
				CLANG_WARN_INT_CONVERSION = YES;
				CLANG_WARN_NON_LITERAL_NULL_CONVERSION = YES;
				CLANG_WARN_OBJC_IMPLICIT_RETAIN_SELF = YES;
				CLANG_WARN_OBJC_LITERAL_CONVERSION = YES;
				CLANG_WARN_OBJC_ROOT_CLASS = YES_ERROR;
				CLANG_WARN_RANGE_LOOP_ANALYSIS = YES;
				CLANG_WARN_STRICT_PROTOTYPES = YES;
				CLANG_WARN_SUSPICIOUS_MOVE = YES;
				CLANG_WARN_UNGUARDED_AVAILABILITY = YES_AGGRESSIVE;
				CLANG_WARN_UNREACHABLE_CODE = YES;
				CLANG_WARN__DUPLICATE_METHOD_MATCH = YES;
				CODE_SIGN_IDENTITY = "iPhone Developer";
				COPY_PHASE_STRIP = NO;
				DEBUG_INFORMATION_FORMAT = "dwarf-with-dsym";
				ENABLE_NS_ASSERTIONS = NO;
				ENABLE_STRICT_OBJC_MSGSEND = YES;
				GCC_C_LANGUAGE_STANDARD = gnu11;
				GCC_NO_COMMON_BLOCKS = YES;
				GCC_WARN_64_TO_32_BIT_CONVERSION = YES;
				GCC_WARN_ABOUT_RETURN_TYPE = YES_ERROR;
				GCC_WARN_UNDECLARED_SELECTOR = YES;
				GCC_WARN_UNINITIALIZED_AUTOS = YES_AGGRESSIVE;
				GCC_WARN_UNUSED_FUNCTION = YES;
				GCC_WARN_UNUSED_VARIABLE = YES;
				IPHONEOS_DEPLOYMENT_TARGET = 11.3;
				MTL_ENABLE_DEBUG_INFO = NO;
				SDKROOT = iphoneos;
				SWIFT_COMPILATION_MODE = wholemodule;
				SWIFT_OPTIMIZATION_LEVEL = "-O";
				VALIDATE_PRODUCT = YES;
			};
			name = Release;
		};
		71A428AC205CB28D0013DF83 /* Debug */ = {
			isa = XCBuildConfiguration;
			buildSettings = {
				ASSETCATALOG_COMPILER_APPICON_NAME = AppIcon;
				CODE_SIGN_STYLE = Automatic;
				DEVELOPMENT_TEAM = 7YPNN524J3;
				INFOPLIST_FILE = "SpriteKit-1/Info.plist";
				LD_RUNPATH_SEARCH_PATHS = (
					"$(inherited)",
					"@executable_path/Frameworks",
				);
				PRODUCT_BUNDLE_IDENTIFIER = "com.example.SpriteKit-1";
				PRODUCT_NAME = "$(TARGET_NAME)";
				SWIFT_VERSION = 4.0;
				TARGETED_DEVICE_FAMILY = "1,2";
			};
			name = Debug;
		};
		71A428AD205CB28D0013DF83 /* Release */ = {
			isa = XCBuildConfiguration;
			buildSettings = {
				ASSETCATALOG_COMPILER_APPICON_NAME = AppIcon;
				CODE_SIGN_STYLE = Automatic;
				DEVELOPMENT_TEAM = 7YPNN524J3;
				INFOPLIST_FILE = "SpriteKit-1/Info.plist";
				LD_RUNPATH_SEARCH_PATHS = (
					"$(inherited)",
					"@executable_path/Frameworks",
				);
				PRODUCT_BUNDLE_IDENTIFIER = "com.example.SpriteKit-1";
				PRODUCT_NAME = "$(TARGET_NAME)";
				SWIFT_VERSION = 4.0;
				TARGETED_DEVICE_FAMILY = "1,2";
			};
			name = Release;
		};
/* End XCBuildConfiguration section */

/* Begin XCConfigurationList section */
		71A4288E205CB28A0013DF83 /* Build configuration list for PBXProject "SpriteKit-1" */ = {
			isa = XCConfigurationList;
			buildConfigurations = (
				71A428A9205CB28D0013DF83 /* Debug */,
				71A428AA205CB28D0013DF83 /* Release */,
			);
			defaultConfigurationIsVisible = 0;
			defaultConfigurationName = Release;
		};
		71A428AB205CB28D0013DF83 /* Build configuration list for PBXNativeTarget "SpriteKit-1" */ = {
			isa = XCConfigurationList;
			buildConfigurations = (
				71A428AC205CB28D0013DF83 /* Debug */,
				71A428AD205CB28D0013DF83 /* Release */,
			);
			defaultConfigurationIsVisible = 0;
			defaultConfigurationName = Release;
		};
/* End XCConfigurationList section */
	};
	rootObject = 71A4288B205CB28A0013DF83 /* Project object */;
}
